// !$*UTF8*$!
{
	archiveVersion = 1;
	classes = {
	};
	objectVersion = 46;
	objects = {

/* Begin PBXBuildFile section */
		1D3623260D0F684500981E51 /* AppDelegate.m in Sources */ = {isa = PBXBuildFile; fileRef = 1D3623250D0F684500981E51 /* AppDelegate.m */; };
		1D60589B0D05DD56006BFB54 /* main.m in Sources */ = {isa = PBXBuildFile; fileRef = 29B97316FDCFA39411CA2CEA /* main.m */; };
		301BF552109A68D80062928A /* libCordova.a in Frameworks */ = {isa = PBXBuildFile; fileRef = 301BF535109A57CC0062928A /* libCordova.a */; };
		65D7A4301F3419A6004BDA25 /* QuQMainViewController.m in Sources */ = {isa = PBXBuildFile; fileRef = 65D7A42F1F3419A6004BDA25 /* QuQMainViewController.m */; };
		65D7A4371F3419F9004BDA25 /* QuQNativeViewController.m in Sources */ = {isa = PBXBuildFile; fileRef = 65D7A4351F3419F9004BDA25 /* QuQNativeViewController.m */; };
		65D7A4381F3419F9004BDA25 /* QuQNativeViewController.xib in Resources */ = {isa = PBXBuildFile; fileRef = 65D7A4361F3419F9004BDA25 /* QuQNativeViewController.xib */; };
		65D7A43B1F341A12004BDA25 /* QuQWebViewController.m in Sources */ = {isa = PBXBuildFile; fileRef = 65D7A43A1F341A12004BDA25 /* QuQWebViewController.m */; };
		65D7A4401F341C41004BDA25 /* LaunchScreen.storyboard in Resources */ = {isa = PBXBuildFile; fileRef = 65D7A43C1F341C41004BDA25 /* LaunchScreen.storyboard */; };
		65D7A4411F341C41004BDA25 /* Main.storyboard in Resources */ = {isa = PBXBuildFile; fileRef = 65D7A43E1F341C41004BDA25 /* Main.storyboard */; };
		65D7A4431F341C84004BDA25 /* Assets.xcassets in Resources */ = {isa = PBXBuildFile; fileRef = 65D7A4421F341C84004BDA25 /* Assets.xcassets */; };
		65D7A4491F3421C0004BDA25 /* QuQAdapter.m in Sources */ = {isa = PBXBuildFile; fileRef = 65D7A4481F3421C0004BDA25 /* QuQAdapter.m */; };
		65E2BFBD1F453EF400596107 /* AFHTTPRequestOperation.m in Sources */ = {isa = PBXBuildFile; fileRef = 65E2BF861F453EF400596107 /* AFHTTPRequestOperation.m */; };
		65E2BFBE1F453EF400596107 /* AFHTTPRequestOperationManager.m in Sources */ = {isa = PBXBuildFile; fileRef = 65E2BF881F453EF400596107 /* AFHTTPRequestOperationManager.m */; };
		65E2BFBF1F453EF400596107 /* AFHTTPSessionManager.m in Sources */ = {isa = PBXBuildFile; fileRef = 65E2BF8A1F453EF400596107 /* AFHTTPSessionManager.m */; };
		65E2BFC01F453EF400596107 /* AFNetworkReachabilityManager.m in Sources */ = {isa = PBXBuildFile; fileRef = 65E2BF8D1F453EF400596107 /* AFNetworkReachabilityManager.m */; };
		65E2BFC11F453EF400596107 /* AFSecurityPolicy.m in Sources */ = {isa = PBXBuildFile; fileRef = 65E2BF8F1F453EF400596107 /* AFSecurityPolicy.m */; };
		65E2BFC21F453EF400596107 /* AFURLConnectionOperation.m in Sources */ = {isa = PBXBuildFile; fileRef = 65E2BF911F453EF400596107 /* AFURLConnectionOperation.m */; };
		65E2BFC31F453EF400596107 /* AFURLRequestSerialization.m in Sources */ = {isa = PBXBuildFile; fileRef = 65E2BF931F453EF400596107 /* AFURLRequestSerialization.m */; };
		65E2BFC41F453EF400596107 /* AFURLResponseSerialization.m in Sources */ = {isa = PBXBuildFile; fileRef = 65E2BF951F453EF400596107 /* AFURLResponseSerialization.m */; };
		65E2BFC51F453EF400596107 /* AFURLSessionManager.m in Sources */ = {isa = PBXBuildFile; fileRef = 65E2BF971F453EF400596107 /* AFURLSessionManager.m */; };
		65E2BFC61F453EF400596107 /* AFNetworkActivityIndicatorManager.m in Sources */ = {isa = PBXBuildFile; fileRef = 65E2BF9A1F453EF400596107 /* AFNetworkActivityIndicatorManager.m */; };
		65E2BFC71F453EF400596107 /* UIActivityIndicatorView+AFNetworking.m in Sources */ = {isa = PBXBuildFile; fileRef = 65E2BF9C1F453EF400596107 /* UIActivityIndicatorView+AFNetworking.m */; };
		65E2BFC81F453EF400596107 /* UIAlertView+AFNetworking.m in Sources */ = {isa = PBXBuildFile; fileRef = 65E2BF9E1F453EF400596107 /* UIAlertView+AFNetworking.m */; };
		65E2BFC91F453EF400596107 /* UIButton+AFNetworking.m in Sources */ = {isa = PBXBuildFile; fileRef = 65E2BFA01F453EF400596107 /* UIButton+AFNetworking.m */; };
		65E2BFCA1F453EF400596107 /* UIImageView+AFNetworking.m in Sources */ = {isa = PBXBuildFile; fileRef = 65E2BFA31F453EF400596107 /* UIImageView+AFNetworking.m */; };
		65E2BFCB1F453EF400596107 /* UIProgressView+AFNetworking.m in Sources */ = {isa = PBXBuildFile; fileRef = 65E2BFA61F453EF400596107 /* UIProgressView+AFNetworking.m */; };
		65E2BFCC1F453EF400596107 /* UIRefreshControl+AFNetworking.m in Sources */ = {isa = PBXBuildFile; fileRef = 65E2BFA81F453EF400596107 /* UIRefreshControl+AFNetworking.m */; };
		65E2BFCD1F453EF400596107 /* UIWebView+AFNetworking.m in Sources */ = {isa = PBXBuildFile; fileRef = 65E2BFAA1F453EF400596107 /* UIWebView+AFNetworking.m */; };
		65E2BFCE1F453EF400596107 /* PFModel.m in Sources */ = {isa = PBXBuildFile; fileRef = 65E2BFAD1F453EF400596107 /* PFModel.m */; };
		65E2BFCF1F453EF400596107 /* QuQDebug.m in Sources */ = {isa = PBXBuildFile; fileRef = 65E2BFB11F453EF400596107 /* QuQDebug.m */; };
		65E2BFD01F453EF400596107 /* QuQDevice.m in Sources */ = {isa = PBXBuildFile; fileRef = 65E2BFB31F453EF400596107 /* QuQDevice.m */; };
		65E2BFD11F453EF400596107 /* QuQModel.m in Sources */ = {isa = PBXBuildFile; fileRef = 65E2BFB51F453EF400596107 /* QuQModel.m */; };
		65E2BFD21F453EF400596107 /* QuQNetwork.m in Sources */ = {isa = PBXBuildFile; fileRef = 65E2BFB71F453EF400596107 /* QuQNetwork.m */; };
		65E2BFD31F453EF400596107 /* QuQAlert.m in Sources */ = {isa = PBXBuildFile; fileRef = 65E2BFBB1F453EF400596107 /* QuQAlert.m */; };
		72B71DBB998440CABEA03EC1 /* CDVLogger.m in Sources */ = {isa = PBXBuildFile; fileRef = ABE6061AD9C44A599112AB2C /* CDVLogger.m */; };
/* End PBXBuildFile section */

/* Begin PBXContainerItemProxy section */
		301BF534109A57CC0062928A /* PBXContainerItemProxy */ = {
			isa = PBXContainerItemProxy;
			containerPortal = 301BF52D109A57CC0062928A /* CordovaLib/CordovaLib.xcodeproj */;
			proxyType = 2;
			remoteGlobalIDString = D2AAC07E0554694100DB518D;
			remoteInfo = CordovaLib;
		};
		301BF550109A68C00062928A /* PBXContainerItemProxy */ = {
			isa = PBXContainerItemProxy;
			containerPortal = 301BF52D109A57CC0062928A /* CordovaLib/CordovaLib.xcodeproj */;
			proxyType = 1;
			remoteGlobalIDString = D2AAC07D0554694100DB518D;
			remoteInfo = CordovaLib;
		};
		65D7A4321F3419A7004BDA25 /* PBXContainerItemProxy */ = {
			isa = PBXContainerItemProxy;
			containerPortal = 301BF52D109A57CC0062928A /* CordovaLib/CordovaLib.xcodeproj */;
			proxyType = 2;
			remoteGlobalIDString = C0C01EB21E3911D50056E6CB;
			remoteInfo = Cordova;
		};
/* End PBXContainerItemProxy section */

/* Begin PBXFileReference section */
		053FAB12291641DE9894A547 /* CDVLogger.h */ = {isa = PBXFileReference; explicitFileType = undefined; fileEncoding = 4; includeInIndex = 0; lastKnownFileType = sourcecode.c.h; name = CDVLogger.h; path = "cordova-plugin-console/CDVLogger.h"; sourceTree = "<group>"; };
		1D3623240D0F684500981E51 /* AppDelegate.h */ = {isa = PBXFileReference; fileEncoding = 4; lastKnownFileType = sourcecode.c.h; path = AppDelegate.h; sourceTree = "<group>"; };
		1D3623250D0F684500981E51 /* AppDelegate.m */ = {isa = PBXFileReference; fileEncoding = 4; lastKnownFileType = sourcecode.c.objc; path = AppDelegate.m; sourceTree = "<group>"; };
		1D6058910D05DD3D006BFB54 /* QuQ.app */ = {isa = PBXFileReference; explicitFileType = wrapper.application; includeInIndex = 0; path = QuQ.app; sourceTree = BUILT_PRODUCTS_DIR; };
		29B97316FDCFA39411CA2CEA /* main.m */ = {isa = PBXFileReference; fileEncoding = 4; lastKnownFileType = sourcecode.c.objc; path = main.m; sourceTree = "<group>"; };
		301BF52D109A57CC0062928A /* CordovaLib/CordovaLib.xcodeproj */ = {isa = PBXFileReference; lastKnownFileType = "wrapper.pb-project"; path = CordovaLib/CordovaLib.xcodeproj; sourceTree = "<group>"; };
		301BF56E109A69640062928A /* www */ = {isa = PBXFileReference; lastKnownFileType = folder; path = www; sourceTree = SOURCE_ROOT; };
		3047A50F1AB8059700498E2A /* build-debug.xcconfig */ = {isa = PBXFileReference; fileEncoding = 4; lastKnownFileType = text.xcconfig; name = "build-debug.xcconfig"; path = "cordova/build-debug.xcconfig"; sourceTree = SOURCE_ROOT; };
		3047A5101AB8059700498E2A /* build-release.xcconfig */ = {isa = PBXFileReference; fileEncoding = 4; lastKnownFileType = text.xcconfig; name = "build-release.xcconfig"; path = "cordova/build-release.xcconfig"; sourceTree = SOURCE_ROOT; };
		3047A5111AB8059700498E2A /* build.xcconfig */ = {isa = PBXFileReference; fileEncoding = 4; lastKnownFileType = text.xcconfig; name = build.xcconfig; path = cordova/build.xcconfig; sourceTree = SOURCE_ROOT; };
		32CA4F630368D1EE00C91783 /* QuQ-Prefix.pch */ = {isa = PBXFileReference; fileEncoding = 4; lastKnownFileType = sourcecode.c.h; path = "QuQ-Prefix.pch"; sourceTree = "<group>"; };
		65D7A42E1F3419A6004BDA25 /* QuQMainViewController.h */ = {isa = PBXFileReference; fileEncoding = 4; lastKnownFileType = sourcecode.c.h; path = QuQMainViewController.h; sourceTree = "<group>"; };
		65D7A42F1F3419A6004BDA25 /* QuQMainViewController.m */ = {isa = PBXFileReference; fileEncoding = 4; lastKnownFileType = sourcecode.c.objc; path = QuQMainViewController.m; sourceTree = "<group>"; };
		65D7A4341F3419F9004BDA25 /* QuQNativeViewController.h */ = {isa = PBXFileReference; fileEncoding = 4; lastKnownFileType = sourcecode.c.h; path = QuQNativeViewController.h; sourceTree = "<group>"; };
		65D7A4351F3419F9004BDA25 /* QuQNativeViewController.m */ = {isa = PBXFileReference; fileEncoding = 4; lastKnownFileType = sourcecode.c.objc; path = QuQNativeViewController.m; sourceTree = "<group>"; };
		65D7A4361F3419F9004BDA25 /* QuQNativeViewController.xib */ = {isa = PBXFileReference; fileEncoding = 4; lastKnownFileType = file.xib; path = QuQNativeViewController.xib; sourceTree = "<group>"; };
		65D7A4391F341A12004BDA25 /* QuQWebViewController.h */ = {isa = PBXFileReference; fileEncoding = 4; lastKnownFileType = sourcecode.c.h; path = QuQWebViewController.h; sourceTree = "<group>"; };
		65D7A43A1F341A12004BDA25 /* QuQWebViewController.m */ = {isa = PBXFileReference; fileEncoding = 4; lastKnownFileType = sourcecode.c.objc; path = QuQWebViewController.m; sourceTree = "<group>"; };
		65D7A43D1F341C41004BDA25 /* Base */ = {isa = PBXFileReference; lastKnownFileType = file.storyboard; name = Base; path = QuQ/Base.lproj/LaunchScreen.storyboard; sourceTree = SOURCE_ROOT; };
		65D7A43F1F341C41004BDA25 /* Base */ = {isa = PBXFileReference; lastKnownFileType = file.storyboard; name = Base; path = QuQ/Base.lproj/Main.storyboard; sourceTree = SOURCE_ROOT; };
		65D7A4421F341C84004BDA25 /* Assets.xcassets */ = {isa = PBXFileReference; lastKnownFileType = folder.assetcatalog; name = Assets.xcassets; path = QuQ/Assets.xcassets; sourceTree = SOURCE_ROOT; };
		65D7A4471F3421C0004BDA25 /* QuQAdapter.h */ = {isa = PBXFileReference; fileEncoding = 4; lastKnownFileType = sourcecode.c.h; name = QuQAdapter.h; path = "fay-plugin-adapter/QuQAdapter.h"; sourceTree = "<group>"; };
		65D7A4481F3421C0004BDA25 /* QuQAdapter.m */ = {isa = PBXFileReference; fileEncoding = 4; lastKnownFileType = sourcecode.c.objc; name = QuQAdapter.m; path = "fay-plugin-adapter/QuQAdapter.m"; sourceTree = "<group>"; };
		65E2BF851F453EF400596107 /* AFHTTPRequestOperation.h */ = {isa = PBXFileReference; fileEncoding = 4; lastKnownFileType = sourcecode.c.h; path = AFHTTPRequestOperation.h; sourceTree = "<group>"; };
		65E2BF861F453EF400596107 /* AFHTTPRequestOperation.m */ = {isa = PBXFileReference; fileEncoding = 4; lastKnownFileType = sourcecode.c.objc; path = AFHTTPRequestOperation.m; sourceTree = "<group>"; };
		65E2BF871F453EF400596107 /* AFHTTPRequestOperationManager.h */ = {isa = PBXFileReference; fileEncoding = 4; lastKnownFileType = sourcecode.c.h; path = AFHTTPRequestOperationManager.h; sourceTree = "<group>"; };
		65E2BF881F453EF400596107 /* AFHTTPRequestOperationManager.m */ = {isa = PBXFileReference; fileEncoding = 4; lastKnownFileType = sourcecode.c.objc; path = AFHTTPRequestOperationManager.m; sourceTree = "<group>"; };
		65E2BF891F453EF400596107 /* AFHTTPSessionManager.h */ = {isa = PBXFileReference; fileEncoding = 4; lastKnownFileType = sourcecode.c.h; path = AFHTTPSessionManager.h; sourceTree = "<group>"; };
		65E2BF8A1F453EF400596107 /* AFHTTPSessionManager.m */ = {isa = PBXFileReference; fileEncoding = 4; lastKnownFileType = sourcecode.c.objc; path = AFHTTPSessionManager.m; sourceTree = "<group>"; };
		65E2BF8B1F453EF400596107 /* AFNetworking.h */ = {isa = PBXFileReference; fileEncoding = 4; lastKnownFileType = sourcecode.c.h; path = AFNetworking.h; sourceTree = "<group>"; };
		65E2BF8C1F453EF400596107 /* AFNetworkReachabilityManager.h */ = {isa = PBXFileReference; fileEncoding = 4; lastKnownFileType = sourcecode.c.h; path = AFNetworkReachabilityManager.h; sourceTree = "<group>"; };
		65E2BF8D1F453EF400596107 /* AFNetworkReachabilityManager.m */ = {isa = PBXFileReference; fileEncoding = 4; lastKnownFileType = sourcecode.c.objc; path = AFNetworkReachabilityManager.m; sourceTree = "<group>"; };
		65E2BF8E1F453EF400596107 /* AFSecurityPolicy.h */ = {isa = PBXFileReference; fileEncoding = 4; lastKnownFileType = sourcecode.c.h; path = AFSecurityPolicy.h; sourceTree = "<group>"; };
		65E2BF8F1F453EF400596107 /* AFSecurityPolicy.m */ = {isa = PBXFileReference; fileEncoding = 4; lastKnownFileType = sourcecode.c.objc; path = AFSecurityPolicy.m; sourceTree = "<group>"; };
		65E2BF901F453EF400596107 /* AFURLConnectionOperation.h */ = {isa = PBXFileReference; fileEncoding = 4; lastKnownFileType = sourcecode.c.h; path = AFURLConnectionOperation.h; sourceTree = "<group>"; };
		65E2BF911F453EF400596107 /* AFURLConnectionOperation.m */ = {isa = PBXFileReference; fileEncoding = 4; lastKnownFileType = sourcecode.c.objc; path = AFURLConnectionOperation.m; sourceTree = "<group>"; };
		65E2BF921F453EF400596107 /* AFURLRequestSerialization.h */ = {isa = PBXFileReference; fileEncoding = 4; lastKnownFileType = sourcecode.c.h; path = AFURLRequestSerialization.h; sourceTree = "<group>"; };
		65E2BF931F453EF400596107 /* AFURLRequestSerialization.m */ = {isa = PBXFileReference; fileEncoding = 4; lastKnownFileType = sourcecode.c.objc; path = AFURLRequestSerialization.m; sourceTree = "<group>"; };
		65E2BF941F453EF400596107 /* AFURLResponseSerialization.h */ = {isa = PBXFileReference; fileEncoding = 4; lastKnownFileType = sourcecode.c.h; path = AFURLResponseSerialization.h; sourceTree = "<group>"; };
		65E2BF951F453EF400596107 /* AFURLResponseSerialization.m */ = {isa = PBXFileReference; fileEncoding = 4; lastKnownFileType = sourcecode.c.objc; path = AFURLResponseSerialization.m; sourceTree = "<group>"; };
		65E2BF961F453EF400596107 /* AFURLSessionManager.h */ = {isa = PBXFileReference; fileEncoding = 4; lastKnownFileType = sourcecode.c.h; path = AFURLSessionManager.h; sourceTree = "<group>"; };
		65E2BF971F453EF400596107 /* AFURLSessionManager.m */ = {isa = PBXFileReference; fileEncoding = 4; lastKnownFileType = sourcecode.c.objc; path = AFURLSessionManager.m; sourceTree = "<group>"; };
		65E2BF991F453EF400596107 /* AFNetworkActivityIndicatorManager.h */ = {isa = PBXFileReference; fileEncoding = 4; lastKnownFileType = sourcecode.c.h; path = AFNetworkActivityIndicatorManager.h; sourceTree = "<group>"; };
		65E2BF9A1F453EF400596107 /* AFNetworkActivityIndicatorManager.m */ = {isa = PBXFileReference; fileEncoding = 4; lastKnownFileType = sourcecode.c.objc; path = AFNetworkActivityIndicatorManager.m; sourceTree = "<group>"; };
		65E2BF9B1F453EF400596107 /* UIActivityIndicatorView+AFNetworking.h */ = {isa = PBXFileReference; fileEncoding = 4; lastKnownFileType = sourcecode.c.h; path = "UIActivityIndicatorView+AFNetworking.h"; sourceTree = "<group>"; };
		65E2BF9C1F453EF400596107 /* UIActivityIndicatorView+AFNetworking.m */ = {isa = PBXFileReference; fileEncoding = 4; lastKnownFileType = sourcecode.c.objc; path = "UIActivityIndicatorView+AFNetworking.m"; sourceTree = "<group>"; };
		65E2BF9D1F453EF400596107 /* UIAlertView+AFNetworking.h */ = {isa = PBXFileReference; fileEncoding = 4; lastKnownFileType = sourcecode.c.h; path = "UIAlertView+AFNetworking.h"; sourceTree = "<group>"; };
		65E2BF9E1F453EF400596107 /* UIAlertView+AFNetworking.m */ = {isa = PBXFileReference; fileEncoding = 4; lastKnownFileType = sourcecode.c.objc; path = "UIAlertView+AFNetworking.m"; sourceTree = "<group>"; };
		65E2BF9F1F453EF400596107 /* UIButton+AFNetworking.h */ = {isa = PBXFileReference; fileEncoding = 4; lastKnownFileType = sourcecode.c.h; path = "UIButton+AFNetworking.h"; sourceTree = "<group>"; };
		65E2BFA01F453EF400596107 /* UIButton+AFNetworking.m */ = {isa = PBXFileReference; fileEncoding = 4; lastKnownFileType = sourcecode.c.objc; path = "UIButton+AFNetworking.m"; sourceTree = "<group>"; };
		65E2BFA11F453EF400596107 /* UIImage+AFNetworking.h */ = {isa = PBXFileReference; fileEncoding = 4; lastKnownFileType = sourcecode.c.h; path = "UIImage+AFNetworking.h"; sourceTree = "<group>"; };
		65E2BFA21F453EF400596107 /* UIImageView+AFNetworking.h */ = {isa = PBXFileReference; fileEncoding = 4; lastKnownFileType = sourcecode.c.h; path = "UIImageView+AFNetworking.h"; sourceTree = "<group>"; };
		65E2BFA31F453EF400596107 /* UIImageView+AFNetworking.m */ = {isa = PBXFileReference; fileEncoding = 4; lastKnownFileType = sourcecode.c.objc; path = "UIImageView+AFNetworking.m"; sourceTree = "<group>"; };
		65E2BFA41F453EF400596107 /* UIKit+AFNetworking.h */ = {isa = PBXFileReference; fileEncoding = 4; lastKnownFileType = sourcecode.c.h; path = "UIKit+AFNetworking.h"; sourceTree = "<group>"; };
		65E2BFA51F453EF400596107 /* UIProgressView+AFNetworking.h */ = {isa = PBXFileReference; fileEncoding = 4; lastKnownFileType = sourcecode.c.h; path = "UIProgressView+AFNetworking.h"; sourceTree = "<group>"; };
		65E2BFA61F453EF400596107 /* UIProgressView+AFNetworking.m */ = {isa = PBXFileReference; fileEncoding = 4; lastKnownFileType = sourcecode.c.objc; path = "UIProgressView+AFNetworking.m"; sourceTree = "<group>"; };
		65E2BFA71F453EF400596107 /* UIRefreshControl+AFNetworking.h */ = {isa = PBXFileReference; fileEncoding = 4; lastKnownFileType = sourcecode.c.h; path = "UIRefreshControl+AFNetworking.h"; sourceTree = "<group>"; };
		65E2BFA81F453EF400596107 /* UIRefreshControl+AFNetworking.m */ = {isa = PBXFileReference; fileEncoding = 4; lastKnownFileType = sourcecode.c.objc; path = "UIRefreshControl+AFNetworking.m"; sourceTree = "<group>"; };
		65E2BFA91F453EF400596107 /* UIWebView+AFNetworking.h */ = {isa = PBXFileReference; fileEncoding = 4; lastKnownFileType = sourcecode.c.h; path = "UIWebView+AFNetworking.h"; sourceTree = "<group>"; };
		65E2BFAA1F453EF400596107 /* UIWebView+AFNetworking.m */ = {isa = PBXFileReference; fileEncoding = 4; lastKnownFileType = sourcecode.c.objc; path = "UIWebView+AFNetworking.m"; sourceTree = "<group>"; };
		65E2BFAC1F453EF400596107 /* PFModel.h */ = {isa = PBXFileReference; fileEncoding = 4; lastKnownFileType = sourcecode.c.h; path = PFModel.h; sourceTree = "<group>"; };
		65E2BFAD1F453EF400596107 /* PFModel.m */ = {isa = PBXFileReference; fileEncoding = 4; lastKnownFileType = sourcecode.c.objc; path = PFModel.m; sourceTree = "<group>"; };
		65E2BFB01F453EF400596107 /* QuQDebug.h */ = {isa = PBXFileReference; fileEncoding = 4; lastKnownFileType = sourcecode.c.h; path = QuQDebug.h; sourceTree = "<group>"; };
		65E2BFB11F453EF400596107 /* QuQDebug.m */ = {isa = PBXFileReference; fileEncoding = 4; lastKnownFileType = sourcecode.c.objc; path = QuQDebug.m; sourceTree = "<group>"; };
		65E2BFB21F453EF400596107 /* QuQDevice.h */ = {isa = PBXFileReference; fileEncoding = 4; lastKnownFileType = sourcecode.c.h; path = QuQDevice.h; sourceTree = "<group>"; };
		65E2BFB31F453EF400596107 /* QuQDevice.m */ = {isa = PBXFileReference; fileEncoding = 4; lastKnownFileType = sourcecode.c.objc; path = QuQDevice.m; sourceTree = "<group>"; };
		65E2BFB41F453EF400596107 /* QuQModel.h */ = {isa = PBXFileReference; fileEncoding = 4; lastKnownFileType = sourcecode.c.h; path = QuQModel.h; sourceTree = "<group>"; };
		65E2BFB51F453EF400596107 /* QuQModel.m */ = {isa = PBXFileReference; fileEncoding = 4; lastKnownFileType = sourcecode.c.objc; path = QuQModel.m; sourceTree = "<group>"; };
		65E2BFB61F453EF400596107 /* QuQNetwork.h */ = {isa = PBXFileReference; fileEncoding = 4; lastKnownFileType = sourcecode.c.h; path = QuQNetwork.h; sourceTree = "<group>"; };
		65E2BFB71F453EF400596107 /* QuQNetwork.m */ = {isa = PBXFileReference; fileEncoding = 4; lastKnownFileType = sourcecode.c.objc; path = QuQNetwork.m; sourceTree = "<group>"; };
		65E2BFB81F453EF400596107 /* QuQTools.h */ = {isa = PBXFileReference; fileEncoding = 4; lastKnownFileType = sourcecode.c.h; path = QuQTools.h; sourceTree = "<group>"; };
		65E2BFBA1F453EF400596107 /* QuQAlert.h */ = {isa = PBXFileReference; fileEncoding = 4; lastKnownFileType = sourcecode.c.h; path = QuQAlert.h; sourceTree = "<group>"; };
		65E2BFBB1F453EF400596107 /* QuQAlert.m */ = {isa = PBXFileReference; fileEncoding = 4; lastKnownFileType = sourcecode.c.objc; path = QuQAlert.m; sourceTree = "<group>"; };
		65E2BFBC1F453EF400596107 /* QuQView.h */ = {isa = PBXFileReference; fileEncoding = 4; lastKnownFileType = sourcecode.c.h; path = QuQView.h; sourceTree = "<group>"; };
		8D1107310486CEB800E47090 /* QuQ-Info.plist */ = {isa = PBXFileReference; fileEncoding = 4; lastKnownFileType = text.plist.xml; name = "QuQ-Info.plist"; path = "QuQ/QuQ-Info.plist"; plistStructureDefinitionIdentifier = "com.apple.xcode.plist.structure-definition.iphone.info-plist"; sourceTree = SOURCE_ROOT; };
		ABE6061AD9C44A599112AB2C /* CDVLogger.m */ = {isa = PBXFileReference; explicitFileType = undefined; fileEncoding = 4; includeInIndex = 0; lastKnownFileType = sourcecode.c.objc; name = CDVLogger.m; path = "cordova-plugin-console/CDVLogger.m"; sourceTree = "<group>"; };
		EB87FDF31871DA8E0020F90C /* www */ = {isa = PBXFileReference; lastKnownFileType = folder; name = www; path = ../../www; sourceTree = "<group>"; };
		EB87FDF41871DAF40020F90C /* config.xml */ = {isa = PBXFileReference; lastKnownFileType = text.xml; name = config.xml; path = ../../config.xml; sourceTree = "<group>"; };
		ED33DF2A687741AEAF9F8254 /* Bridging-Header.h */ = {isa = PBXFileReference; fileEncoding = 4; lastKnownFileType = sourcecode.c.h; path = "Bridging-Header.h"; sourceTree = "<group>"; };
		F840E1F0165FE0F500CFE078 /* config.xml */ = {isa = PBXFileReference; lastKnownFileType = text.xml; name = config.xml; path = QuQ/config.xml; sourceTree = "<group>"; };
/* End PBXFileReference section */

/* Begin PBXFrameworksBuildPhase section */
		1D60588F0D05DD3D006BFB54 /* Frameworks */ = {
			isa = PBXFrameworksBuildPhase;
			buildActionMask = 2147483647;
			files = (
				301BF552109A68D80062928A /* libCordova.a in Frameworks */,
			);
			runOnlyForDeploymentPostprocessing = 0;
		};
/* End PBXFrameworksBuildPhase section */

/* Begin PBXGroup section */
		080E96DDFE201D6D7F000001 /* Classes */ = {
			isa = PBXGroup;
			children = (
				1D3623240D0F684500981E51 /* AppDelegate.h */,
				1D3623250D0F684500981E51 /* AppDelegate.m */,
				65D7A42E1F3419A6004BDA25 /* QuQMainViewController.h */,
				65D7A42F1F3419A6004BDA25 /* QuQMainViewController.m */,
				65D7A4341F3419F9004BDA25 /* QuQNativeViewController.h */,
				65D7A4351F3419F9004BDA25 /* QuQNativeViewController.m */,
				65D7A4361F3419F9004BDA25 /* QuQNativeViewController.xib */,
				65D7A4391F341A12004BDA25 /* QuQWebViewController.h */,
				65D7A43A1F341A12004BDA25 /* QuQWebViewController.m */,
				65E2BF821F453EF400596107 /* Vendor */,
			);
			name = Classes;
			path = QuQ/Classes;
			sourceTree = SOURCE_ROOT;
		};
		19C28FACFE9D520D11CA2CBB /* Products */ = {
			isa = PBXGroup;
			children = (
				1D6058910D05DD3D006BFB54 /* QuQ.app */,
			);
			name = Products;
			sourceTree = "<group>";
		};
		29B97314FDCFA39411CA2CEA /* CustomTemplate */ = {
			isa = PBXGroup;
			children = (
				EB87FDF41871DAF40020F90C /* config.xml */,
				EB87FDF31871DA8E0020F90C /* www */,
				EB87FDF11871DA420020F90C /* Staging */,
				301BF52D109A57CC0062928A /* CordovaLib/CordovaLib.xcodeproj */,
				080E96DDFE201D6D7F000001 /* Classes */,
				307C750510C5A3420062BCA9 /* Plugins */,
				29B97315FDCFA39411CA2CEA /* Other Sources */,
				29B97317FDCFA39411CA2CEA /* Resources */,
				29B97323FDCFA39411CA2CEA /* Frameworks */,
				19C28FACFE9D520D11CA2CBB /* Products */,
			);
			name = CustomTemplate;
			sourceTree = "<group>";
		};
		29B97315FDCFA39411CA2CEA /* Other Sources */ = {
			isa = PBXGroup;
			children = (
				32CA4F630368D1EE00C91783 /* QuQ-Prefix.pch */,
				29B97316FDCFA39411CA2CEA /* main.m */,
				ED33DF2A687741AEAF9F8254 /* Bridging-Header.h */,
			);
			name = "Other Sources";
			path = QuQ;
			sourceTree = "<group>";
		};
		29B97317FDCFA39411CA2CEA /* Resources */ = {
			isa = PBXGroup;
			children = (
				65D7A4421F341C84004BDA25 /* Assets.xcassets */,
				3047A50E1AB8057F00498E2A /* config */,
				8D1107310486CEB800E47090 /* QuQ-Info.plist */,
				65D7A43C1F341C41004BDA25 /* LaunchScreen.storyboard */,
				65D7A43E1F341C41004BDA25 /* Main.storyboard */,
			);
			name = Resources;
			path = QuQ/Resources;
			sourceTree = "<group>";
		};
		29B97323FDCFA39411CA2CEA /* Frameworks */ = {
			isa = PBXGroup;
			children = (
			);
			name = Frameworks;
			sourceTree = "<group>";
		};
		301BF52E109A57CC0062928A /* Products */ = {
			isa = PBXGroup;
			children = (
				301BF535109A57CC0062928A /* libCordova.a */,
				65D7A4331F3419A7004BDA25 /* Cordova.framework */,
			);
			name = Products;
			sourceTree = "<group>";
		};
		3047A50E1AB8057F00498E2A /* config */ = {
			isa = PBXGroup;
			children = (
				3047A50F1AB8059700498E2A /* build-debug.xcconfig */,
				3047A5101AB8059700498E2A /* build-release.xcconfig */,
				3047A5111AB8059700498E2A /* build.xcconfig */,
			);
			name = config;
			sourceTree = "<group>";
		};
		307C750510C5A3420062BCA9 /* Plugins */ = {
			isa = PBXGroup;
			children = (
				ABE6061AD9C44A599112AB2C /* CDVLogger.m */,
				053FAB12291641DE9894A547 /* CDVLogger.h */,
				65D7A4471F3421C0004BDA25 /* QuQAdapter.h */,
				65D7A4481F3421C0004BDA25 /* QuQAdapter.m */,
			);
			name = Plugins;
			path = QuQ/Plugins;
			sourceTree = SOURCE_ROOT;
		};
		65E2BF821F453EF400596107 /* Vendor */ = {
			isa = PBXGroup;
			children = (
				65E2BF831F453EF400596107 /* AFNetworking */,
				65E2BFAB1F453EF400596107 /* PFModel */,
				65E2BFAE1F453EF400596107 /* QuQKit */,
			);
			path = Vendor;
			sourceTree = "<group>";
		};
		65E2BF831F453EF400596107 /* AFNetworking */ = {
			isa = PBXGroup;
			children = (
				65E2BF841F453EF400596107 /* AFNetworking */,
				65E2BF981F453EF400596107 /* UIKit+AFNetworking */,
			);
			path = AFNetworking;
			sourceTree = "<group>";
		};
		65E2BF841F453EF400596107 /* AFNetworking */ = {
			isa = PBXGroup;
			children = (
				65E2BF851F453EF400596107 /* AFHTTPRequestOperation.h */,
				65E2BF861F453EF400596107 /* AFHTTPRequestOperation.m */,
				65E2BF871F453EF400596107 /* AFHTTPRequestOperationManager.h */,
				65E2BF881F453EF400596107 /* AFHTTPRequestOperationManager.m */,
				65E2BF891F453EF400596107 /* AFHTTPSessionManager.h */,
				65E2BF8A1F453EF400596107 /* AFHTTPSessionManager.m */,
				65E2BF8B1F453EF400596107 /* AFNetworking.h */,
				65E2BF8C1F453EF400596107 /* AFNetworkReachabilityManager.h */,
				65E2BF8D1F453EF400596107 /* AFNetworkReachabilityManager.m */,
				65E2BF8E1F453EF400596107 /* AFSecurityPolicy.h */,
				65E2BF8F1F453EF400596107 /* AFSecurityPolicy.m */,
				65E2BF901F453EF400596107 /* AFURLConnectionOperation.h */,
				65E2BF911F453EF400596107 /* AFURLConnectionOperation.m */,
				65E2BF921F453EF400596107 /* AFURLRequestSerialization.h */,
				65E2BF931F453EF400596107 /* AFURLRequestSerialization.m */,
				65E2BF941F453EF400596107 /* AFURLResponseSerialization.h */,
				65E2BF951F453EF400596107 /* AFURLResponseSerialization.m */,
				65E2BF961F453EF400596107 /* AFURLSessionManager.h */,
				65E2BF971F453EF400596107 /* AFURLSessionManager.m */,
			);
			path = AFNetworking;
			sourceTree = "<group>";
		};
		65E2BF981F453EF400596107 /* UIKit+AFNetworking */ = {
			isa = PBXGroup;
			children = (
				65E2BF991F453EF400596107 /* AFNetworkActivityIndicatorManager.h */,
				65E2BF9A1F453EF400596107 /* AFNetworkActivityIndicatorManager.m */,
				65E2BF9B1F453EF400596107 /* UIActivityIndicatorView+AFNetworking.h */,
				65E2BF9C1F453EF400596107 /* UIActivityIndicatorView+AFNetworking.m */,
				65E2BF9D1F453EF400596107 /* UIAlertView+AFNetworking.h */,
				65E2BF9E1F453EF400596107 /* UIAlertView+AFNetworking.m */,
				65E2BF9F1F453EF400596107 /* UIButton+AFNetworking.h */,
				65E2BFA01F453EF400596107 /* UIButton+AFNetworking.m */,
				65E2BFA11F453EF400596107 /* UIImage+AFNetworking.h */,
				65E2BFA21F453EF400596107 /* UIImageView+AFNetworking.h */,
				65E2BFA31F453EF400596107 /* UIImageView+AFNetworking.m */,
				65E2BFA41F453EF400596107 /* UIKit+AFNetworking.h */,
				65E2BFA51F453EF400596107 /* UIProgressView+AFNetworking.h */,
				65E2BFA61F453EF400596107 /* UIProgressView+AFNetworking.m */,
				65E2BFA71F453EF400596107 /* UIRefreshControl+AFNetworking.h */,
				65E2BFA81F453EF400596107 /* UIRefreshControl+AFNetworking.m */,
				65E2BFA91F453EF400596107 /* UIWebView+AFNetworking.h */,
				65E2BFAA1F453EF400596107 /* UIWebView+AFNetworking.m */,
			);
			path = "UIKit+AFNetworking";
			sourceTree = "<group>";
		};
		65E2BFAB1F453EF400596107 /* PFModel */ = {
			isa = PBXGroup;
			children = (
				65E2BFAC1F453EF400596107 /* PFModel.h */,
				65E2BFAD1F453EF400596107 /* PFModel.m */,
			);
			path = PFModel;
			sourceTree = "<group>";
		};
		65E2BFAE1F453EF400596107 /* QuQKit */ = {
			isa = PBXGroup;
			children = (
				65E2BFAF1F453EF400596107 /* QuQTools */,
				65E2BFB91F453EF400596107 /* QuQView */,
			);
			path = QuQKit;
			sourceTree = "<group>";
		};
		65E2BFAF1F453EF400596107 /* QuQTools */ = {
			isa = PBXGroup;
			children = (
				65E2BFB01F453EF400596107 /* QuQDebug.h */,
				65E2BFB11F453EF400596107 /* QuQDebug.m */,
				65E2BFB21F453EF400596107 /* QuQDevice.h */,
				65E2BFB31F453EF400596107 /* QuQDevice.m */,
				65E2BFB41F453EF400596107 /* QuQModel.h */,
				65E2BFB51F453EF400596107 /* QuQModel.m */,
				65E2BFB61F453EF400596107 /* QuQNetwork.h */,
				65E2BFB71F453EF400596107 /* QuQNetwork.m */,
				65E2BFB81F453EF400596107 /* QuQTools.h */,
			);
			path = QuQTools;
			sourceTree = "<group>";
		};
		65E2BFB91F453EF400596107 /* QuQView */ = {
			isa = PBXGroup;
			children = (
				65E2BFBA1F453EF400596107 /* QuQAlert.h */,
				65E2BFBB1F453EF400596107 /* QuQAlert.m */,
				65E2BFBC1F453EF400596107 /* QuQView.h */,
			);
			path = QuQView;
			sourceTree = "<group>";
		};
		EB87FDF11871DA420020F90C /* Staging */ = {
			isa = PBXGroup;
			children = (
				F840E1F0165FE0F500CFE078 /* config.xml */,
				301BF56E109A69640062928A /* www */,
			);
			name = Staging;
			sourceTree = "<group>";
		};
/* End PBXGroup section */

/* Begin PBXNativeTarget section */
		1D6058900D05DD3D006BFB54 /* QuQ */ = {
			isa = PBXNativeTarget;
			buildConfigurationList = 1D6058960D05DD3E006BFB54 /* Build configuration list for PBXNativeTarget "QuQ" */;
			buildPhases = (
				304B58A110DAC018002A0835 /* Copy www directory */,
				1D60588D0D05DD3D006BFB54 /* Resources */,
				1D60588E0D05DD3D006BFB54 /* Sources */,
				1D60588F0D05DD3D006BFB54 /* Frameworks */,
			);
			buildRules = (
			);
			dependencies = (
				301BF551109A68C00062928A /* PBXTargetDependency */,
			);
			name = QuQ;
			productName = QuQ;
			productReference = 1D6058910D05DD3D006BFB54 /* QuQ.app */;
			productType = "com.apple.product-type.application";
		};
/* End PBXNativeTarget section */

/* Begin PBXProject section */
		29B97313FDCFA39411CA2CEA /* Project object */ = {
			isa = PBXProject;
			attributes = {
				LastUpgradeCheck = 510;
				TargetAttributes = {
					1D6058900D05DD3D006BFB54 = {
						DevelopmentTeam = YP2P43BPRF;
					};
				};
			};
			buildConfigurationList = C01FCF4E08A954540054247B /* Build configuration list for PBXProject "QuQ" */;
			compatibilityVersion = "Xcode 3.2";
			developmentRegion = English;
			hasScannedForEncodings = 1;
			knownRegions = (
				en,
				Base,
			);
			mainGroup = 29B97314FDCFA39411CA2CEA /* CustomTemplate */;
			projectDirPath = "";
			projectReferences = (
				{
					ProductGroup = 301BF52E109A57CC0062928A /* Products */;
					ProjectRef = 301BF52D109A57CC0062928A /* CordovaLib/CordovaLib.xcodeproj */;
				},
			);
			projectRoot = "";
			targets = (
				1D6058900D05DD3D006BFB54 /* QuQ */,
			);
		};
/* End PBXProject section */

/* Begin PBXReferenceProxy section */
		301BF535109A57CC0062928A /* libCordova.a */ = {
			isa = PBXReferenceProxy;
			fileType = archive.ar;
			path = libCordova.a;
			remoteRef = 301BF534109A57CC0062928A /* PBXContainerItemProxy */;
			sourceTree = BUILT_PRODUCTS_DIR;
		};
		65D7A4331F3419A7004BDA25 /* Cordova.framework */ = {
			isa = PBXReferenceProxy;
			fileType = wrapper.framework;
			path = Cordova.framework;
			remoteRef = 65D7A4321F3419A7004BDA25 /* PBXContainerItemProxy */;
			sourceTree = BUILT_PRODUCTS_DIR;
		};
/* End PBXReferenceProxy section */

/* Begin PBXResourcesBuildPhase section */
		1D60588D0D05DD3D006BFB54 /* Resources */ = {
			isa = PBXResourcesBuildPhase;
			buildActionMask = 2147483647;
			files = (
				65D7A4401F341C41004BDA25 /* LaunchScreen.storyboard in Resources */,
				65D7A4381F3419F9004BDA25 /* QuQNativeViewController.xib in Resources */,
				65D7A4431F341C84004BDA25 /* Assets.xcassets in Resources */,
				65D7A4411F341C41004BDA25 /* Main.storyboard in Resources */,
			);
			runOnlyForDeploymentPostprocessing = 0;
		};
/* End PBXResourcesBuildPhase section */

/* Begin PBXShellScriptBuildPhase section */
		304B58A110DAC018002A0835 /* Copy www directory */ = {
			isa = PBXShellScriptBuildPhase;
			buildActionMask = 2147483647;
			files = (
			);
			inputPaths = (
			);
			name = "Copy www directory";
			outputPaths = (
			);
			runOnlyForDeploymentPostprocessing = 0;
			shellPath = /bin/sh;
			shellScript = "NODEJS_PATH=/usr/local/bin; NVM_NODE_PATH=~/.nvm/versions/node/`nvm version 2>/dev/null`/bin; N_NODE_PATH=`find /usr/local/n/versions/node/* -maxdepth 0 -type d 2>/dev/null | tail -1`/bin; XCODE_NODE_PATH=`xcode-select --print-path`/usr/share/xcs/Node/bin; PATH=$NODEJS_PATH:$NVM_NODE_PATH:$N_NODE_PATH:$XCODE_NODE_PATH:$PATH && node cordova/lib/copy-www-build-step.js";
			showEnvVarsInLog = 0;
		};
/* End PBXShellScriptBuildPhase section */

/* Begin PBXSourcesBuildPhase section */
		1D60588E0D05DD3D006BFB54 /* Sources */ = {
			isa = PBXSourcesBuildPhase;
			buildActionMask = 2147483647;
			files = (
				65E2BFCC1F453EF400596107 /* UIRefreshControl+AFNetworking.m in Sources */,
				65E2BFD11F453EF400596107 /* QuQModel.m in Sources */,
				65E2BFC21F453EF400596107 /* AFURLConnectionOperation.m in Sources */,
				65D7A4301F3419A6004BDA25 /* QuQMainViewController.m in Sources */,
				65E2BFCB1F453EF400596107 /* UIProgressView+AFNetworking.m in Sources */,
				65D7A4371F3419F9004BDA25 /* QuQNativeViewController.m in Sources */,
				65E2BFCF1F453EF400596107 /* QuQDebug.m in Sources */,
				65E2BFC81F453EF400596107 /* UIAlertView+AFNetworking.m in Sources */,
				65D7A43B1F341A12004BDA25 /* QuQWebViewController.m in Sources */,
				65E2BFC41F453EF400596107 /* AFURLResponseSerialization.m in Sources */,
				65E2BFCE1F453EF400596107 /* PFModel.m in Sources */,
				65E2BFC91F453EF400596107 /* UIButton+AFNetworking.m in Sources */,
				65D7A4491F3421C0004BDA25 /* QuQAdapter.m in Sources */,
				65E2BFC71F453EF400596107 /* UIActivityIndicatorView+AFNetworking.m in Sources */,
				65E2BFC31F453EF400596107 /* AFURLRequestSerialization.m in Sources */,
				65E2BFC61F453EF400596107 /* AFNetworkActivityIndicatorManager.m in Sources */,
				65E2BFC11F453EF400596107 /* AFSecurityPolicy.m in Sources */,
				65E2BFBD1F453EF400596107 /* AFHTTPRequestOperation.m in Sources */,
				65E2BFD31F453EF400596107 /* QuQAlert.m in Sources */,
				65E2BFC51F453EF400596107 /* AFURLSessionManager.m in Sources */,
				1D60589B0D05DD56006BFB54 /* main.m in Sources */,
				1D3623260D0F684500981E51 /* AppDelegate.m in Sources */,
				65E2BFBF1F453EF400596107 /* AFHTTPSessionManager.m in Sources */,
				72B71DBB998440CABEA03EC1 /* CDVLogger.m in Sources */,
				65E2BFD21F453EF400596107 /* QuQNetwork.m in Sources */,
				65E2BFCD1F453EF400596107 /* UIWebView+AFNetworking.m in Sources */,
				65E2BFD01F453EF400596107 /* QuQDevice.m in Sources */,
				65E2BFC01F453EF400596107 /* AFNetworkReachabilityManager.m in Sources */,
				65E2BFCA1F453EF400596107 /* UIImageView+AFNetworking.m in Sources */,
				65E2BFBE1F453EF400596107 /* AFHTTPRequestOperationManager.m in Sources */,
			);
			runOnlyForDeploymentPostprocessing = 0;
		};
/* End PBXSourcesBuildPhase section */

/* Begin PBXTargetDependency section */
		301BF551109A68C00062928A /* PBXTargetDependency */ = {
			isa = PBXTargetDependency;
			name = CordovaLib;
			targetProxy = 301BF550109A68C00062928A /* PBXContainerItemProxy */;
		};
/* End PBXTargetDependency section */

/* Begin PBXVariantGroup section */
		65D7A43C1F341C41004BDA25 /* LaunchScreen.storyboard */ = {
			isa = PBXVariantGroup;
			children = (
				65D7A43D1F341C41004BDA25 /* Base */,
			);
			name = LaunchScreen.storyboard;
			sourceTree = "<group>";
		};
		65D7A43E1F341C41004BDA25 /* Main.storyboard */ = {
			isa = PBXVariantGroup;
			children = (
				65D7A43F1F341C41004BDA25 /* Base */,
			);
			name = Main.storyboard;
			sourceTree = "<group>";
		};
/* End PBXVariantGroup section */

/* Begin XCBuildConfiguration section */
		1D6058940D05DD3E006BFB54 /* Debug */ = {
			isa = XCBuildConfiguration;
			baseConfigurationReference = 3047A50F1AB8059700498E2A /* build-debug.xcconfig */;
			buildSettings = {
				ALWAYS_SEARCH_USER_PATHS = NO;
				ASSETCATALOG_COMPILER_APPICON_NAME = AppIcon;
				CLANG_ENABLE_MODULES = YES;
				CLANG_ENABLE_OBJC_ARC = YES;
				COPY_PHASE_STRIP = NO;
				DEVELOPMENT_TEAM = YP2P43BPRF;
				GCC_DYNAMIC_NO_PIC = NO;
				GCC_OPTIMIZATION_LEVEL = 0;
				GCC_PRECOMPILE_PREFIX_HEADER = YES;
				GCC_PREFIX_HEADER = "QuQ/QuQ-Prefix.pch";
				GCC_THUMB_SUPPORT = NO;
				GCC_VERSION = "";
				INFOPLIST_FILE = "QuQ/QuQ-Info.plist";
				IPHONEOS_DEPLOYMENT_TARGET = 9.0;
				LD_RUNPATH_SEARCH_PATHS = "@executable_path/Frameworks";
				PRODUCT_NAME = QuQ;
				TARGETED_DEVICE_FAMILY = "1,2";
			};
			name = Debug;
		};
		1D6058950D05DD3E006BFB54 /* Release */ = {
			isa = XCBuildConfiguration;
			baseConfigurationReference = 3047A5101AB8059700498E2A /* build-release.xcconfig */;
			buildSettings = {
				ALWAYS_SEARCH_USER_PATHS = NO;
				ASSETCATALOG_COMPILER_APPICON_NAME = AppIcon;
				CLANG_ENABLE_MODULES = YES;
				CLANG_ENABLE_OBJC_ARC = YES;
				COPY_PHASE_STRIP = YES;
				DEVELOPMENT_TEAM = YP2P43BPRF;
				GCC_PRECOMPILE_PREFIX_HEADER = YES;
				GCC_PREFIX_HEADER = "QuQ/QuQ-Prefix.pch";
				GCC_THUMB_SUPPORT = NO;
				GCC_VERSION = "";
				INFOPLIST_FILE = "QuQ/QuQ-Info.plist";
				IPHONEOS_DEPLOYMENT_TARGET = 9.0;
				LD_RUNPATH_SEARCH_PATHS = "@executable_path/Frameworks";
				PRODUCT_NAME = QuQ;
				TARGETED_DEVICE_FAMILY = "1,2";
			};
			name = Release;
		};
		C01FCF4F08A954540054247B /* Debug */ = {
			isa = XCBuildConfiguration;
			baseConfigurationReference = 3047A5111AB8059700498E2A /* build.xcconfig */;
			buildSettings = {
				CLANG_ENABLE_MODULES = YES;
				CLANG_ENABLE_OBJC_ARC = YES;
				CLANG_WARN_BOOL_CONVERSION = YES;
				CLANG_WARN_CONSTANT_CONVERSION = YES;
				CLANG_WARN_EMPTY_BODY = YES;
				CLANG_WARN_ENUM_CONVERSION = YES;
				CLANG_WARN_INT_CONVERSION = YES;
				CLANG_WARN__DUPLICATE_METHOD_MATCH = YES;
				GCC_C_LANGUAGE_STANDARD = c99;
				GCC_THUMB_SUPPORT = NO;
				GCC_VERSION = "";
				GCC_WARN_ABOUT_RETURN_TYPE = YES;
				GCC_WARN_UNDECLARED_SELECTOR = YES;
				GCC_WARN_UNINITIALIZED_AUTOS = YES;
				GCC_WARN_UNUSED_FUNCTION = YES;
				GCC_WARN_UNUSED_VARIABLE = YES;
				ONLY_ACTIVE_ARCH = YES;
				SDKROOT = iphoneos;
				SKIP_INSTALL = NO;
			};
			name = Debug;
		};
		C01FCF5008A954540054247B /* Release */ = {
			isa = XCBuildConfiguration;
			baseConfigurationReference = 3047A5111AB8059700498E2A /* build.xcconfig */;
			buildSettings = {
				CLANG_ENABLE_MODULES = YES;
				CLANG_ENABLE_OBJC_ARC = YES;
				CLANG_WARN_BOOL_CONVERSION = YES;
				CLANG_WARN_CONSTANT_CONVERSION = YES;
				CLANG_WARN_EMPTY_BODY = YES;
				CLANG_WARN_ENUM_CONVERSION = YES;
				CLANG_WARN_INT_CONVERSION = YES;
				CLANG_WARN__DUPLICATE_METHOD_MATCH = YES;
				GCC_C_LANGUAGE_STANDARD = c99;
				GCC_THUMB_SUPPORT = NO;
				GCC_VERSION = "";
				GCC_WARN_ABOUT_RETURN_TYPE = YES;
				GCC_WARN_UNDECLARED_SELECTOR = YES;
				GCC_WARN_UNINITIALIZED_AUTOS = YES;
				GCC_WARN_UNUSED_FUNCTION = YES;
				GCC_WARN_UNUSED_VARIABLE = YES;
				SDKROOT = iphoneos;
				SKIP_INSTALL = NO;
			};
			name = Release;
		};
/* End XCBuildConfiguration section */

/* Begin XCConfigurationList section */
		1D6058960D05DD3E006BFB54 /* Build configuration list for PBXNativeTarget "QuQ" */ = {
			isa = XCConfigurationList;
			buildConfigurations = (
				1D6058940D05DD3E006BFB54 /* Debug */,
				1D6058950D05DD3E006BFB54 /* Release */,
			);
			defaultConfigurationIsVisible = 0;
			defaultConfigurationName = Release;
		};
		C01FCF4E08A954540054247B /* Build configuration list for PBXProject "QuQ" */ = {
			isa = XCConfigurationList;
			buildConfigurations = (
				C01FCF4F08A954540054247B /* Debug */,
				C01FCF5008A954540054247B /* Release */,
			);
			defaultConfigurationIsVisible = 0;
			defaultConfigurationName = Release;
		};
/* End XCConfigurationList section */
	};
	rootObject = 29B97313FDCFA39411CA2CEA /* Project object */;
}
